
Microsoft Visual Studio Solution File, Format Version 12.00
# Visual Studio Version 16
VisualStudioVersion = 16.0.30503.244
MinimumVisualStudioVersion = 10.0.40219.1
Project("{FAE04EC0-301F-11D3-BF4B-00C04F79EFBC}") = "stroki", "stroki.csproj", "{7B33B6A4-B04D-45AE-A7A7-6DF42034E5BF}"
EndProject
Global
	GlobalSection(SolutionConfigurationPlatforms) = preSolution
		Debug|Any CPU = Debug|Any CPU
		Release|Any CPU = Release|Any CPU
	EndGlobalSection
	GlobalSection(ProjectConfigurationPlatforms) = postSolution
		{7B33B6A4-B04D-45AE-A7A7-6DF42034E5BF}.Debug|Any CPU.ActiveCfg = Debug|Any CPU
		{7B33B6A4-B04D-45AE-A7A7-6DF42034E5BF}.Debug|Any CPU.Build.0 = Debug|Any CPU
		{7B33B6A4-B04D-45AE-A7A7-6DF42034E5BF}.Release|Any CPU.ActiveCfg = Release|Any CPU
		{7B33B6A4-B04D-45AE-A7A7-6DF42034E5BF}.Release|Any CPU.Build.0 = Release|Any CPU
	EndGlobalSection
	GlobalSection(SolutionProperties) = preSolution
		HideSolutionNode = FALSE
	EndGlobalSection
	GlobalSection(ExtensibilityGlobals) = postSolution
		SolutionGuid = {0BADFD55-EB08-42F3-90BF-08FD956424D9}
	EndGlobalSection
EndGlobal
